
Microsoft Visual Studio Solution File, Format Version 12.00
# Visual Studio Version 17
VisualStudioVersion = 17.5.33516.290
MinimumVisualStudioVersion = 10.0.40219.1
Project("{8BC9CEB8-8B4A-11D0-8D11-00A0C91BC942}") = "FinalProject", "FinalProject\FinalProject.vcxproj", "{46AE0C86-062F-46E3-9F7E-15839241C028}"
EndProject
Project("{2150E333-8FDC-42A3-9474-1A3956D46DE8}") = "Solution Items", "Solution Items", "{E35602FC-60CC-4081-8A1A-A5BA440C49D4}"
EndProject
Global
	GlobalSection(SolutionConfigurationPlatforms) = preSolution
		Debug|x64 = Debug|x64
		Debug|x86 = Debug|x86
		Release|x64 = Release|x64
		Release|x86 = Release|x86
	EndGlobalSection
	GlobalSection(ProjectConfigurationPlatforms) = postSolution
		{46AE0C86-062F-46E3-9F7E-15839241C028}.Debug|x64.ActiveCfg = Debug|x64
		{46AE0C86-062F-46E3-9F7E-15839241C028}.Debug|x64.Build.0 = Debug|x64
		{46AE0C86-062F-46E3-9F7E-15839241C028}.Debug|x86.ActiveCfg = Debug|Win32
		{46AE0C86-062F-46E3-9F7E-15839241C028}.Debug|x86.Build.0 = Debug|Win32
		{46AE0C86-062F-46E3-9F7E-15839241C028}.Release|x64.ActiveCfg = Release|x64
		{46AE0C86-062F-46E3-9F7E-15839241C028}.Release|x64.Build.0 = Release|x64
		{46AE0C86-062F-46E3-9F7E-15839241C028}.Release|x86.ActiveCfg = Release|Win32
		{46AE0C86-062F-46E3-9F7E-15839241C028}.Release|x86.Build.0 = Release|Win32
	EndGlobalSection
	GlobalSection(SolutionProperties) = preSolution
		HideSolutionNode = FALSE
	EndGlobalSection
	GlobalSection(ExtensibilityGlobals) = postSolution
		SolutionGuid = {22087C1B-1FE2-48BC-8280-0129BFC1EE2B}
	EndGlobalSection
EndGlobal
