<?xml version="1.0" encoding="utf-8"?>
<Project ToolsVersion="4.0" xmlns="http://schemas.microsoft.com/developer/msbuild/2003">
  <ItemGroup>
    <ClCompile Include="Author.cpp">
      <Filter>Classes</Filter>
    </ClCompile>
    <ClCompile Include="Book.cpp">
      <Filter>Classes</Filter>
    </ClCompile>
    <ClCompile Include="CheckedoutMedia.cpp">
      <Filter>Classes</Filter>
    </ClCompile>
    <ClCompile Include="ConferenceJournal.cpp">
      <Filter>Classes</Filter>
    </ClCompile>
    <ClCompile Include="CurrentSessionInfo.cpp">
      <Filter>Classes</Filter>
    </ClCompile>
    <ClCompile Include="Date.cpp">
      <Filter>Classes</Filter>
    </ClCompile>
    <ClCompile Include="FacultyMember.cpp">
      <Filter>Classes</Filter>
    </ClCompile>
    <ClCompile Include="FinalProject.cpp">
      <Filter>Classes</Filter>
    </ClCompile>
    <ClCompile Include="GuestLogin.cpp">
      <Filter>Classes</Filter>
    </ClCompile>
    <ClCompile Include="InventoryScreen.cpp">
      <Filter>Classes</Filter>
    </ClCompile>
    <ClCompile Include="LibraryMedia.cpp">
      <Filter>Classes</Filter>
    </ClCompile>
    <ClCompile Include="MainLogin.cpp">
      <Filter>Classes</Filter>
    </ClCompile>
    <ClCompile Include="Newspaper.cpp">
      <Filter>Classes</Filter>
    </ClCompile>
    <ClCompile Include="Periodical.cpp">
      <Filter>Classes</Filter>
    </ClCompile>
    <ClCompile Include="Publisher.cpp">
      <Filter>Classes</Filter>
    </ClCompile>
    <ClCompile Include="Staff.cpp">
      <Filter>Classes</Filter>
    </ClCompile>
    <ClCompile Include="Student.cpp">
      <Filter>Classes</Filter>
    </ClCompile>
    <ClCompile Include="User.cpp">
      <Filter>Classes</Filter>
    </ClCompile>
    <ClCompile Include="UserInfoAccessScreen.cpp" />
  </ItemGroup>
  <ItemGroup>
    <ClInclude Include="Author.h">
      <Filter>Headers</Filter>
    </ClInclude>
    <ClInclude Include="Book.h">
      <Filter>Headers</Filter>
    </ClInclude>
    <ClInclude Include="CheckedoutMedia.h">
      <Filter>Headers</Filter>
    </ClInclude>
    <ClInclude Include="ConferenceJournal.h">
      <Filter>Headers</Filter>
    </ClInclude>
    <ClInclude Include="CurrentSessionInfo.h">
      <Filter>Headers</Filter>
    </ClInclude>
    <ClInclude Include="Date.h">
      <Filter>Headers</Filter>
    </ClInclude>
    <ClInclude Include="FacultyMember.h">
      <Filter>Headers</Filter>
    </ClInclude>
    <ClInclude Include="GuestLogin.h">
      <Filter>Headers</Filter>
    </ClInclude>
    <ClInclude Include="InventoryScreen.h">
      <Filter>Headers</Filter>
    </ClInclude>
    <ClInclude Include="LibraryMedia.h">
      <Filter>Headers</Filter>
    </ClInclude>
    <ClInclude Include="MainLogin.h">
      <Filter>Headers</Filter>
    </ClInclude>
    <ClInclude Include="Newspaper.h">
      <Filter>Headers</Filter>
    </ClInclude>
    <ClInclude Include="Periodical.h">
      <Filter>Headers</Filter>
    </ClInclude>
    <ClInclude Include="Publisher.h">
      <Filter>Headers</Filter>
    </ClInclude>
    <ClInclude Include="Staff.h">
      <Filter>Headers</Filter>
    </ClInclude>
    <ClInclude Include="Student.h">
      <Filter>Headers</Filter>
    </ClInclude>
    <ClInclude Include="User.h">
      <Filter>Headers</Filter>
    </ClInclude>
    <ClInclude Include="Invoice.h" />
    <ClInclude Include="UserInfoAccessScreen.h" />
  </ItemGroup>
  <ItemGroup>
    <Text Include="AuthorRecord.txt" />
    <Text Include="PublisherRecord.txt" />
    <Text Include="NewspaperRecord.txt" />
    <Text Include="JournalRecord.txt" />
    <Text Include="PeriodicalRecord.txt" />
    <Text Include="PurchaseList.txt" />
    <Text Include="currentUser.txt" />
    <Text Include="BookRecord.txt" />
    <Text Include="BorrowedMediaRecord.txt" />
  </ItemGroup>
  <ItemGroup>
    <Filter Include="Classes">
      <UniqueIdentifier>{b674f16d-9b2b-4fba-a855-59594d9b7d1c}</UniqueIdentifier>
    </Filter>
    <Filter Include="Headers">
      <UniqueIdentifier>{f51d6894-83f4-4e53-bdc7-7eae847e6695}</UniqueIdentifier>
    </Filter>
  </ItemGroup>
</Project>