<?xml version="1.0" encoding="utf-8"?>
<Project ToolsVersion="4.0" xmlns="http://schemas.microsoft.com/developer/msbuild/2003">
  <ItemGroup>
    <ClCompile Include="CheckedoutMedia.cpp" />
    <ClCompile Include="ConferenceJournal.cpp" />
    <ClCompile Include="Date.cpp" />
    <ClCompile Include="FinalProject.cpp" />
    <ClCompile Include="InventoryScreen.cpp" />
    <ClCompile Include="LibraryMedia.cpp" />
    <ClCompile Include="PatronLogin.cpp" />
    <ClCompile Include="Newspaper.cpp" />
    <ClCompile Include="Publisher.cpp" />
    <ClCompile Include="AdminMenu.cpp" />
    <ClCompile Include="LibraryLinkedList.cpp" />
    <ClCompile Include="MainLogin.cpp" />
    <ClCompile Include="CurrentSessionInfo.cpp" />
    <ClCompile Include="Book.cpp" />
    <ClCompile Include="Periodical.cpp" />
  </ItemGroup>
  <ItemGroup>
    <ClInclude Include="CheckedoutMedia.h" />
    <ClInclude Include="ConferenceJournal.h" />
    <ClInclude Include="Date.h" />
    <ClInclude Include="InventoryScreen.h" />
    <ClInclude Include="LibraryMedia.h" />
    <ClInclude Include="PatronLogin.h" />
    <ClInclude Include="Newspaper.h" />
    <ClInclude Include="Publisher.h" />
    <ClInclude Include="AdminMenu.h" />
    <ClInclude Include="LibraryLinkedList.h" />
    <ClInclude Include="MainLogin.h" />
    <ClInclude Include="MenuScreen.h" />
    <ClInclude Include="resource.h" />
    <ClInclude Include="CurrentSessionInfo.h" />
    <ClInclude Include="Book.h" />
    <ClInclude Include="Periodical.h" />
  </ItemGroup>
  <ItemGroup>
    <Text Include="records.txt" />
    <Text Include="BookRecord.txt" />
  </ItemGroup>
</Project>